
Microsoft Visual Studio Solution File, Format Version 12.00
# Visual Studio Version 17
VisualStudioVersion = 17.5.33516.290
MinimumVisualStudioVersion = 10.0.40219.1
Project("{FAE04EC0-301F-11D3-BF4B-00C04F79EFBC}") = "OficinaWebMVC", "OficinaWebMVC\OficinaWebMVC.csproj", "{A877D9C6-12CD-4A24-ACB0-B76D23CF63B6}"
EndProject
Global
	GlobalSection(SolutionConfigurationPlatforms) = preSolution
		Debug|Any CPU = Debug|Any CPU
		Release|Any CPU = Release|Any CPU
	EndGlobalSection
	GlobalSection(ProjectConfigurationPlatforms) = postSolution
		{A877D9C6-12CD-4A24-ACB0-B76D23CF63B6}.Debug|Any CPU.ActiveCfg = Debug|Any CPU
		{A877D9C6-12CD-4A24-ACB0-B76D23CF63B6}.Debug|Any CPU.Build.0 = Debug|Any CPU
		{A877D9C6-12CD-4A24-ACB0-B76D23CF63B6}.Release|Any CPU.ActiveCfg = Release|Any CPU
		{A877D9C6-12CD-4A24-ACB0-B76D23CF63B6}.Release|Any CPU.Build.0 = Release|Any CPU
	EndGlobalSection
	GlobalSection(SolutionProperties) = preSolution
		HideSolutionNode = FALSE
	EndGlobalSection
	GlobalSection(ExtensibilityGlobals) = postSolution
		SolutionGuid = {F8025215-9239-4930-B6B2-2AE77B4D688C}
	EndGlobalSection
EndGlobal
